
Microsoft Visual Studio Solution File, Format Version 12.00
# Visual Studio Version 17
VisualStudioVersion = 17.10.34928.147
MinimumVisualStudioVersion = 10.0.40219.1
Project("{FAE04EC0-301F-11D3-BF4B-00C04F79EFBC}") = "Wallofregist", "Wallofregist\Wallofregist.csproj", "{D3945A05-A9EE-47CD-BD17-B5C567EEED21}"
EndProject
Project("{FAE04EC0-301F-11D3-BF4B-00C04F79EFBC}") = "Hash", "Hash\Hash.csproj", "{3B205826-C08C-4013-94B1-67E91C4AE77B}"
EndProject
Project("{FAE04EC0-301F-11D3-BF4B-00C04F79EFBC}") = "HashLib", "HashLib\HashLib.csproj", "{E0F6DC7F-4CF9-40A0-B510-EF13BA758214}"
EndProject
Project("{9A19103F-16F7-4668-BE54-9A1E7A4F7556}") = "WebApiBD", "WebApiBD\WebApiBD.csproj", "{24C7E279-EE9F-48A4-BF68-D08EC672CBD5}"
EndProject
Project("{FAE04EC0-301F-11D3-BF4B-00C04F79EFBC}") = "Testik", "Testik\Testik.csproj", "{76EEEA92-338D-43D1-BA56-8A6D9474D609}"
EndProject
Global
	GlobalSection(SolutionConfigurationPlatforms) = preSolution
		Debug|Any CPU = Debug|Any CPU
		Release|Any CPU = Release|Any CPU
	EndGlobalSection
	GlobalSection(ProjectConfigurationPlatforms) = postSolution
		{D3945A05-A9EE-47CD-BD17-B5C567EEED21}.Debug|Any CPU.ActiveCfg = Debug|Any CPU
		{D3945A05-A9EE-47CD-BD17-B5C567EEED21}.Debug|Any CPU.Build.0 = Debug|Any CPU
		{D3945A05-A9EE-47CD-BD17-B5C567EEED21}.Release|Any CPU.ActiveCfg = Release|Any CPU
		{D3945A05-A9EE-47CD-BD17-B5C567EEED21}.Release|Any CPU.Build.0 = Release|Any CPU
		{3B205826-C08C-4013-94B1-67E91C4AE77B}.Debug|Any CPU.ActiveCfg = Debug|Any CPU
		{3B205826-C08C-4013-94B1-67E91C4AE77B}.Debug|Any CPU.Build.0 = Debug|Any CPU
		{3B205826-C08C-4013-94B1-67E91C4AE77B}.Release|Any CPU.ActiveCfg = Release|Any CPU
		{3B205826-C08C-4013-94B1-67E91C4AE77B}.Release|Any CPU.Build.0 = Release|Any CPU
		{E0F6DC7F-4CF9-40A0-B510-EF13BA758214}.Debug|Any CPU.ActiveCfg = Debug|Any CPU
		{E0F6DC7F-4CF9-40A0-B510-EF13BA758214}.Debug|Any CPU.Build.0 = Debug|Any CPU
		{E0F6DC7F-4CF9-40A0-B510-EF13BA758214}.Release|Any CPU.ActiveCfg = Release|Any CPU
		{E0F6DC7F-4CF9-40A0-B510-EF13BA758214}.Release|Any CPU.Build.0 = Release|Any CPU
		{24C7E279-EE9F-48A4-BF68-D08EC672CBD5}.Debug|Any CPU.ActiveCfg = Debug|Any CPU
		{24C7E279-EE9F-48A4-BF68-D08EC672CBD5}.Debug|Any CPU.Build.0 = Debug|Any CPU
		{24C7E279-EE9F-48A4-BF68-D08EC672CBD5}.Release|Any CPU.ActiveCfg = Release|Any CPU
		{24C7E279-EE9F-48A4-BF68-D08EC672CBD5}.Release|Any CPU.Build.0 = Release|Any CPU
		{76EEEA92-338D-43D1-BA56-8A6D9474D609}.Debug|Any CPU.ActiveCfg = Debug|Any CPU
		{76EEEA92-338D-43D1-BA56-8A6D9474D609}.Debug|Any CPU.Build.0 = Debug|Any CPU
		{76EEEA92-338D-43D1-BA56-8A6D9474D609}.Release|Any CPU.ActiveCfg = Release|Any CPU
		{76EEEA92-338D-43D1-BA56-8A6D9474D609}.Release|Any CPU.Build.0 = Release|Any CPU
	EndGlobalSection
	GlobalSection(SolutionProperties) = preSolution
		HideSolutionNode = FALSE
	EndGlobalSection
	GlobalSection(ExtensibilityGlobals) = postSolution
		SolutionGuid = {70FEF981-77C6-4787-B91A-7F2685386335}
	EndGlobalSection
EndGlobal
